
Microsoft Visual Studio Solution File, Format Version 12.00
# Visual Studio Version 17
VisualStudioVersion = 17.10.35027.167
MinimumVisualStudioVersion = 10.0.40219.1
Project("{888888A0-9F3D-457C-B088-3A5042F75D52}") = "Algorithmic Design", "Algorithmic Design\Algorithmic Design.pyproj", "{913202BC-C7B3-4289-B925-EF737E0A3BC3}"
EndProject
Global
	GlobalSection(SolutionConfigurationPlatforms) = preSolution
		Debug|Any CPU = Debug|Any CPU
		Release|Any CPU = Release|Any CPU
	EndGlobalSection
	GlobalSection(ProjectConfigurationPlatforms) = postSolution
		{913202BC-C7B3-4289-B925-EF737E0A3BC3}.Debug|Any CPU.ActiveCfg = Debug|Any CPU
		{913202BC-C7B3-4289-B925-EF737E0A3BC3}.Release|Any CPU.ActiveCfg = Release|Any CPU
	EndGlobalSection
	GlobalSection(SolutionProperties) = preSolution
		HideSolutionNode = FALSE
	EndGlobalSection
	GlobalSection(ExtensibilityGlobals) = postSolution
		SolutionGuid = {5FCB47B9-C2CA-4BB6-BDAE-249ECF523A3F}
	EndGlobalSection
EndGlobal
